
Microsoft Visual Studio Solution File, Format Version 12.00
# Visual Studio 15
VisualStudioVersion = 15.0.26124.0
MinimumVisualStudioVersion = 15.0.26124.0
Project("{FAE04EC0-301F-11D3-BF4B-00C04F79EFBC}") = "PySharp", "PySharp\PySharp.csproj", "{A9A1ED90-39C7-47A2-B7E1-7DD65F7AE45B}"
EndProject
Project("{FAE04EC0-301F-11D3-BF4B-00C04F79EFBC}") = "Testes", "Testes\Testes.csproj", "{B9878324-BEB0-4047-9668-1C2182089130}"
EndProject
Global
	GlobalSection(SolutionConfigurationPlatforms) = preSolution
		Debug|Any CPU = Debug|Any CPU
		Debug|x64 = Debug|x64
		Debug|x86 = Debug|x86
		Release|Any CPU = Release|Any CPU
		Release|x64 = Release|x64
		Release|x86 = Release|x86
	EndGlobalSection
	GlobalSection(SolutionProperties) = preSolution
		HideSolutionNode = FALSE
	EndGlobalSection
	GlobalSection(ProjectConfigurationPlatforms) = postSolution
		{A9A1ED90-39C7-47A2-B7E1-7DD65F7AE45B}.Debug|Any CPU.ActiveCfg = Debug|Any CPU
		{A9A1ED90-39C7-47A2-B7E1-7DD65F7AE45B}.Debug|Any CPU.Build.0 = Debug|Any CPU
		{A9A1ED90-39C7-47A2-B7E1-7DD65F7AE45B}.Debug|x64.ActiveCfg = Debug|Any CPU
		{A9A1ED90-39C7-47A2-B7E1-7DD65F7AE45B}.Debug|x64.Build.0 = Debug|Any CPU
		{A9A1ED90-39C7-47A2-B7E1-7DD65F7AE45B}.Debug|x86.ActiveCfg = Debug|Any CPU
		{A9A1ED90-39C7-47A2-B7E1-7DD65F7AE45B}.Debug|x86.Build.0 = Debug|Any CPU
		{A9A1ED90-39C7-47A2-B7E1-7DD65F7AE45B}.Release|Any CPU.ActiveCfg = Release|Any CPU
		{A9A1ED90-39C7-47A2-B7E1-7DD65F7AE45B}.Release|Any CPU.Build.0 = Release|Any CPU
		{A9A1ED90-39C7-47A2-B7E1-7DD65F7AE45B}.Release|x64.ActiveCfg = Release|Any CPU
		{A9A1ED90-39C7-47A2-B7E1-7DD65F7AE45B}.Release|x64.Build.0 = Release|Any CPU
		{A9A1ED90-39C7-47A2-B7E1-7DD65F7AE45B}.Release|x86.ActiveCfg = Release|Any CPU
		{A9A1ED90-39C7-47A2-B7E1-7DD65F7AE45B}.Release|x86.Build.0 = Release|Any CPU
		{B9878324-BEB0-4047-9668-1C2182089130}.Debug|Any CPU.ActiveCfg = Debug|Any CPU
		{B9878324-BEB0-4047-9668-1C2182089130}.Debug|Any CPU.Build.0 = Debug|Any CPU
		{B9878324-BEB0-4047-9668-1C2182089130}.Debug|x64.ActiveCfg = Debug|Any CPU
		{B9878324-BEB0-4047-9668-1C2182089130}.Debug|x64.Build.0 = Debug|Any CPU
		{B9878324-BEB0-4047-9668-1C2182089130}.Debug|x86.ActiveCfg = Debug|Any CPU
		{B9878324-BEB0-4047-9668-1C2182089130}.Debug|x86.Build.0 = Debug|Any CPU
		{B9878324-BEB0-4047-9668-1C2182089130}.Release|Any CPU.ActiveCfg = Release|Any CPU
		{B9878324-BEB0-4047-9668-1C2182089130}.Release|Any CPU.Build.0 = Release|Any CPU
		{B9878324-BEB0-4047-9668-1C2182089130}.Release|x64.ActiveCfg = Release|Any CPU
		{B9878324-BEB0-4047-9668-1C2182089130}.Release|x64.Build.0 = Release|Any CPU
		{B9878324-BEB0-4047-9668-1C2182089130}.Release|x86.ActiveCfg = Release|Any CPU
		{B9878324-BEB0-4047-9668-1C2182089130}.Release|x86.Build.0 = Release|Any CPU
	EndGlobalSection
EndGlobal
